
Microsoft Visual Studio Solution File, Format Version 12.00
# Visual Studio Version 16
VisualStudioVersion = 16.0.31205.134
MinimumVisualStudioVersion = 10.0.40219.1
Project("{8BC9CEB8-8B4A-11D0-8D11-00A0C91BC942}") = "Capt2", "..\Capt2\Capt2.vcxproj", "{33D11951-8C97-4E54-BB3D-594FE6F709C8}"
EndProject
Project("{8BC9CEB8-8B4A-11D0-8D11-00A0C91BC942}") = "Chapt3", "..\Chapt3\Chapt3.vcxproj", "{F2B57A09-DD79-42A4-98F5-ED85BB930A70}"
EndProject
Project("{8BC9CEB8-8B4A-11D0-8D11-00A0C91BC942}") = "Chart4", "Chart4\Chart4.vcxproj", "{12A03EE2-4D6D-4D9E-A881-A8A3EE6DA8E7}"
EndProject
Project("{8BC9CEB8-8B4A-11D0-8D11-00A0C91BC942}") = "Chart5", "Chart5\Chart5.vcxproj", "{9046BA2F-5888-4926-B31C-2E465A108F07}"
EndProject
Project("{8BC9CEB8-8B4A-11D0-8D11-00A0C91BC942}") = "Chart6", "Chart6\Chart6.vcxproj", "{F831E866-B3BC-43CC-8722-AB5952439373}"
EndProject
Project("{8BC9CEB8-8B4A-11D0-8D11-00A0C91BC942}") = "Chapt7", "Chapt7\Chapt7.vcxproj", "{FFBAB75A-C1CA-4413-A5FA-98E25D87CFF1}"
EndProject
Project("{8BC9CEB8-8B4A-11D0-8D11-00A0C91BC942}") = "Chart8", "Chart8\Chart8.vcxproj", "{45BF3C1A-93B7-459F-A69E-B0661479E35B}"
EndProject
Project("{8BC9CEB8-8B4A-11D0-8D11-00A0C91BC942}") = "Chart9", "Chart9\Chart9.vcxproj", "{1716812B-FEB7-438D-A8FA-23659772C456}"
EndProject
Project("{8BC9CEB8-8B4A-11D0-8D11-00A0C91BC942}") = "Chart10", "Chart10\Chart10.vcxproj", "{D917DCA6-2A4D-495F-AC1C-567F4802E556}"
EndProject
Project("{8BC9CEB8-8B4A-11D0-8D11-00A0C91BC942}") = "Chart11", "Chart11\Chart11.vcxproj", "{C25E93F4-0F7B-4CEE-8089-E3E873AF0E7A}"
EndProject
Project("{8BC9CEB8-8B4A-11D0-8D11-00A0C91BC942}") = "Chart12", "Chart12\Chart12.vcxproj", "{6D564AA7-7BD4-4790-88C4-E3A1E86603A9}"
EndProject
Project("{8BC9CEB8-8B4A-11D0-8D11-00A0C91BC942}") = "Chart13", "Chart13\Chart13.vcxproj", "{A5DA1021-F014-4BDC-88ED-0F94BD728DF4}"
EndProject
Project("{8BC9CEB8-8B4A-11D0-8D11-00A0C91BC942}") = "Chart14", "Chart14\Chart14.vcxproj", "{6E2CCAFA-F8A2-4976-A4A9-0099CCEABD73}"
EndProject
Project("{8BC9CEB8-8B4A-11D0-8D11-00A0C91BC942}") = "Chart15", "Chart15\Chart15.vcxproj", "{DA2649C5-DA75-40EA-A933-C4EBE56314F1}"
EndProject
Project("{8BC9CEB8-8B4A-11D0-8D11-00A0C91BC942}") = "Chart16", "Chart16\Chart16.vcxproj", "{16B53261-8E4D-4B41-B647-0E209DB2AC08}"
EndProject
Project("{8BC9CEB8-8B4A-11D0-8D11-00A0C91BC942}") = "Chart17", "Chart17\Chart17.vcxproj", "{02ABC695-38D2-4FA3-8799-3710386EF00C}"
EndProject
Project("{8BC9CEB8-8B4A-11D0-8D11-00A0C91BC942}") = "Chart18", "Chart18\Chart18.vcxproj", "{98919E67-2119-45D2-9F72-61D114C67261}"
EndProject
Project("{8BC9CEB8-8B4A-11D0-8D11-00A0C91BC942}") = "Chart19", "Chart19\Chart19.vcxproj", "{16392760-1A24-4B23-B6C9-AEEC1C3A3747}"
EndProject
Global
	GlobalSection(SolutionConfigurationPlatforms) = preSolution
		Debug|x64 = Debug|x64
		Debug|x86 = Debug|x86
		Release|x64 = Release|x64
		Release|x86 = Release|x86
	EndGlobalSection
	GlobalSection(ProjectConfigurationPlatforms) = postSolution
		{33D11951-8C97-4E54-BB3D-594FE6F709C8}.Debug|x64.ActiveCfg = Debug|x64
		{33D11951-8C97-4E54-BB3D-594FE6F709C8}.Debug|x64.Build.0 = Debug|x64
		{33D11951-8C97-4E54-BB3D-594FE6F709C8}.Debug|x86.ActiveCfg = Debug|Win32
		{33D11951-8C97-4E54-BB3D-594FE6F709C8}.Debug|x86.Build.0 = Debug|Win32
		{33D11951-8C97-4E54-BB3D-594FE6F709C8}.Release|x64.ActiveCfg = Release|x64
		{33D11951-8C97-4E54-BB3D-594FE6F709C8}.Release|x64.Build.0 = Release|x64
		{33D11951-8C97-4E54-BB3D-594FE6F709C8}.Release|x86.ActiveCfg = Release|Win32
		{33D11951-8C97-4E54-BB3D-594FE6F709C8}.Release|x86.Build.0 = Release|Win32
		{F2B57A09-DD79-42A4-98F5-ED85BB930A70}.Debug|x64.ActiveCfg = Debug|x64
		{F2B57A09-DD79-42A4-98F5-ED85BB930A70}.Debug|x64.Build.0 = Debug|x64
		{F2B57A09-DD79-42A4-98F5-ED85BB930A70}.Debug|x86.ActiveCfg = Debug|Win32
		{F2B57A09-DD79-42A4-98F5-ED85BB930A70}.Debug|x86.Build.0 = Debug|Win32
		{F2B57A09-DD79-42A4-98F5-ED85BB930A70}.Release|x64.ActiveCfg = Release|x64
		{F2B57A09-DD79-42A4-98F5-ED85BB930A70}.Release|x64.Build.0 = Release|x64
		{F2B57A09-DD79-42A4-98F5-ED85BB930A70}.Release|x86.ActiveCfg = Release|Win32
		{F2B57A09-DD79-42A4-98F5-ED85BB930A70}.Release|x86.Build.0 = Release|Win32
		{12A03EE2-4D6D-4D9E-A881-A8A3EE6DA8E7}.Debug|x64.ActiveCfg = Debug|x64
		{12A03EE2-4D6D-4D9E-A881-A8A3EE6DA8E7}.Debug|x64.Build.0 = Debug|x64
		{12A03EE2-4D6D-4D9E-A881-A8A3EE6DA8E7}.Debug|x86.ActiveCfg = Debug|Win32
		{12A03EE2-4D6D-4D9E-A881-A8A3EE6DA8E7}.Debug|x86.Build.0 = Debug|Win32
		{12A03EE2-4D6D-4D9E-A881-A8A3EE6DA8E7}.Release|x64.ActiveCfg = Release|x64
		{12A03EE2-4D6D-4D9E-A881-A8A3EE6DA8E7}.Release|x64.Build.0 = Release|x64
		{12A03EE2-4D6D-4D9E-A881-A8A3EE6DA8E7}.Release|x86.ActiveCfg = Release|Win32
		{12A03EE2-4D6D-4D9E-A881-A8A3EE6DA8E7}.Release|x86.Build.0 = Release|Win32
		{9046BA2F-5888-4926-B31C-2E465A108F07}.Debug|x64.ActiveCfg = Debug|x64
		{9046BA2F-5888-4926-B31C-2E465A108F07}.Debug|x64.Build.0 = Debug|x64
		{9046BA2F-5888-4926-B31C-2E465A108F07}.Debug|x86.ActiveCfg = Debug|Win32
		{9046BA2F-5888-4926-B31C-2E465A108F07}.Debug|x86.Build.0 = Debug|Win32
		{9046BA2F-5888-4926-B31C-2E465A108F07}.Release|x64.ActiveCfg = Release|x64
		{9046BA2F-5888-4926-B31C-2E465A108F07}.Release|x64.Build.0 = Release|x64
		{9046BA2F-5888-4926-B31C-2E465A108F07}.Release|x86.ActiveCfg = Release|Win32
		{9046BA2F-5888-4926-B31C-2E465A108F07}.Release|x86.Build.0 = Release|Win32
		{F831E866-B3BC-43CC-8722-AB5952439373}.Debug|x64.ActiveCfg = Debug|x64
		{F831E866-B3BC-43CC-8722-AB5952439373}.Debug|x64.Build.0 = Debug|x64
		{F831E866-B3BC-43CC-8722-AB5952439373}.Debug|x86.ActiveCfg = Debug|Win32
		{F831E866-B3BC-43CC-8722-AB5952439373}.Debug|x86.Build.0 = Debug|Win32
		{F831E866-B3BC-43CC-8722-AB5952439373}.Release|x64.ActiveCfg = Release|x64
		{F831E866-B3BC-43CC-8722-AB5952439373}.Release|x64.Build.0 = Release|x64
		{F831E866-B3BC-43CC-8722-AB5952439373}.Release|x86.ActiveCfg = Release|Win32
		{F831E866-B3BC-43CC-8722-AB5952439373}.Release|x86.Build.0 = Release|Win32
		{FFBAB75A-C1CA-4413-A5FA-98E25D87CFF1}.Debug|x64.ActiveCfg = Debug|x64
		{FFBAB75A-C1CA-4413-A5FA-98E25D87CFF1}.Debug|x64.Build.0 = Debug|x64
		{FFBAB75A-C1CA-4413-A5FA-98E25D87CFF1}.Debug|x86.ActiveCfg = Debug|Win32
		{FFBAB75A-C1CA-4413-A5FA-98E25D87CFF1}.Debug|x86.Build.0 = Debug|Win32
		{FFBAB75A-C1CA-4413-A5FA-98E25D87CFF1}.Release|x64.ActiveCfg = Release|x64
		{FFBAB75A-C1CA-4413-A5FA-98E25D87CFF1}.Release|x64.Build.0 = Release|x64
		{FFBAB75A-C1CA-4413-A5FA-98E25D87CFF1}.Release|x86.ActiveCfg = Release|Win32
		{FFBAB75A-C1CA-4413-A5FA-98E25D87CFF1}.Release|x86.Build.0 = Release|Win32
		{45BF3C1A-93B7-459F-A69E-B0661479E35B}.Debug|x64.ActiveCfg = Debug|x64
		{45BF3C1A-93B7-459F-A69E-B0661479E35B}.Debug|x64.Build.0 = Debug|x64
		{45BF3C1A-93B7-459F-A69E-B0661479E35B}.Debug|x86.ActiveCfg = Debug|Win32
		{45BF3C1A-93B7-459F-A69E-B0661479E35B}.Debug|x86.Build.0 = Debug|Win32
		{45BF3C1A-93B7-459F-A69E-B0661479E35B}.Release|x64.ActiveCfg = Release|x64
		{45BF3C1A-93B7-459F-A69E-B0661479E35B}.Release|x64.Build.0 = Release|x64
		{45BF3C1A-93B7-459F-A69E-B0661479E35B}.Release|x86.ActiveCfg = Release|Win32
		{45BF3C1A-93B7-459F-A69E-B0661479E35B}.Release|x86.Build.0 = Release|Win32
		{1716812B-FEB7-438D-A8FA-23659772C456}.Debug|x64.ActiveCfg = Debug|x64
		{1716812B-FEB7-438D-A8FA-23659772C456}.Debug|x64.Build.0 = Debug|x64
		{1716812B-FEB7-438D-A8FA-23659772C456}.Debug|x86.ActiveCfg = Debug|Win32
		{1716812B-FEB7-438D-A8FA-23659772C456}.Debug|x86.Build.0 = Debug|Win32
		{1716812B-FEB7-438D-A8FA-23659772C456}.Release|x64.ActiveCfg = Release|x64
		{1716812B-FEB7-438D-A8FA-23659772C456}.Release|x64.Build.0 = Release|x64
		{1716812B-FEB7-438D-A8FA-23659772C456}.Release|x86.ActiveCfg = Release|Win32
		{1716812B-FEB7-438D-A8FA-23659772C456}.Release|x86.Build.0 = Release|Win32
		{D917DCA6-2A4D-495F-AC1C-567F4802E556}.Debug|x64.ActiveCfg = Debug|x64
		{D917DCA6-2A4D-495F-AC1C-567F4802E556}.Debug|x64.Build.0 = Debug|x64
		{D917DCA6-2A4D-495F-AC1C-567F4802E556}.Debug|x86.ActiveCfg = Debug|Win32
		{D917DCA6-2A4D-495F-AC1C-567F4802E556}.Debug|x86.Build.0 = Debug|Win32
		{D917DCA6-2A4D-495F-AC1C-567F4802E556}.Release|x64.ActiveCfg = Release|x64
		{D917DCA6-2A4D-495F-AC1C-567F4802E556}.Release|x64.Build.0 = Release|x64
		{D917DCA6-2A4D-495F-AC1C-567F4802E556}.Release|x86.ActiveCfg = Release|Win32
		{D917DCA6-2A4D-495F-AC1C-567F4802E556}.Release|x86.Build.0 = Release|Win32
		{C25E93F4-0F7B-4CEE-8089-E3E873AF0E7A}.Debug|x64.ActiveCfg = Debug|x64
		{C25E93F4-0F7B-4CEE-8089-E3E873AF0E7A}.Debug|x64.Build.0 = Debug|x64
		{C25E93F4-0F7B-4CEE-8089-E3E873AF0E7A}.Debug|x86.ActiveCfg = Debug|Win32
		{C25E93F4-0F7B-4CEE-8089-E3E873AF0E7A}.Debug|x86.Build.0 = Debug|Win32
		{C25E93F4-0F7B-4CEE-8089-E3E873AF0E7A}.Release|x64.ActiveCfg = Release|x64
		{C25E93F4-0F7B-4CEE-8089-E3E873AF0E7A}.Release|x64.Build.0 = Release|x64
		{C25E93F4-0F7B-4CEE-8089-E3E873AF0E7A}.Release|x86.ActiveCfg = Release|Win32
		{C25E93F4-0F7B-4CEE-8089-E3E873AF0E7A}.Release|x86.Build.0 = Release|Win32
		{6D564AA7-7BD4-4790-88C4-E3A1E86603A9}.Debug|x64.ActiveCfg = Debug|x64
		{6D564AA7-7BD4-4790-88C4-E3A1E86603A9}.Debug|x64.Build.0 = Debug|x64
		{6D564AA7-7BD4-4790-88C4-E3A1E86603A9}.Debug|x86.ActiveCfg = Debug|Win32
		{6D564AA7-7BD4-4790-88C4-E3A1E86603A9}.Debug|x86.Build.0 = Debug|Win32
		{6D564AA7-7BD4-4790-88C4-E3A1E86603A9}.Release|x64.ActiveCfg = Release|x64
		{6D564AA7-7BD4-4790-88C4-E3A1E86603A9}.Release|x64.Build.0 = Release|x64
		{6D564AA7-7BD4-4790-88C4-E3A1E86603A9}.Release|x86.ActiveCfg = Release|Win32
		{6D564AA7-7BD4-4790-88C4-E3A1E86603A9}.Release|x86.Build.0 = Release|Win32
		{A5DA1021-F014-4BDC-88ED-0F94BD728DF4}.Debug|x64.ActiveCfg = Debug|x64
		{A5DA1021-F014-4BDC-88ED-0F94BD728DF4}.Debug|x64.Build.0 = Debug|x64
		{A5DA1021-F014-4BDC-88ED-0F94BD728DF4}.Debug|x86.ActiveCfg = Debug|Win32
		{A5DA1021-F014-4BDC-88ED-0F94BD728DF4}.Debug|x86.Build.0 = Debug|Win32
		{A5DA1021-F014-4BDC-88ED-0F94BD728DF4}.Release|x64.ActiveCfg = Release|x64
		{A5DA1021-F014-4BDC-88ED-0F94BD728DF4}.Release|x64.Build.0 = Release|x64
		{A5DA1021-F014-4BDC-88ED-0F94BD728DF4}.Release|x86.ActiveCfg = Release|Win32
		{A5DA1021-F014-4BDC-88ED-0F94BD728DF4}.Release|x86.Build.0 = Release|Win32
		{6E2CCAFA-F8A2-4976-A4A9-0099CCEABD73}.Debug|x64.ActiveCfg = Debug|x64
		{6E2CCAFA-F8A2-4976-A4A9-0099CCEABD73}.Debug|x64.Build.0 = Debug|x64
		{6E2CCAFA-F8A2-4976-A4A9-0099CCEABD73}.Debug|x86.ActiveCfg = Debug|Win32
		{6E2CCAFA-F8A2-4976-A4A9-0099CCEABD73}.Debug|x86.Build.0 = Debug|Win32
		{6E2CCAFA-F8A2-4976-A4A9-0099CCEABD73}.Release|x64.ActiveCfg = Release|x64
		{6E2CCAFA-F8A2-4976-A4A9-0099CCEABD73}.Release|x64.Build.0 = Release|x64
		{6E2CCAFA-F8A2-4976-A4A9-0099CCEABD73}.Release|x86.ActiveCfg = Release|Win32
		{6E2CCAFA-F8A2-4976-A4A9-0099CCEABD73}.Release|x86.Build.0 = Release|Win32
		{DA2649C5-DA75-40EA-A933-C4EBE56314F1}.Debug|x64.ActiveCfg = Debug|x64
		{DA2649C5-DA75-40EA-A933-C4EBE56314F1}.Debug|x64.Build.0 = Debug|x64
		{DA2649C5-DA75-40EA-A933-C4EBE56314F1}.Debug|x86.ActiveCfg = Debug|Win32
		{DA2649C5-DA75-40EA-A933-C4EBE56314F1}.Debug|x86.Build.0 = Debug|Win32
		{DA2649C5-DA75-40EA-A933-C4EBE56314F1}.Release|x64.ActiveCfg = Release|x64
		{DA2649C5-DA75-40EA-A933-C4EBE56314F1}.Release|x64.Build.0 = Release|x64
		{DA2649C5-DA75-40EA-A933-C4EBE56314F1}.Release|x86.ActiveCfg = Release|Win32
		{DA2649C5-DA75-40EA-A933-C4EBE56314F1}.Release|x86.Build.0 = Release|Win32
		{16B53261-8E4D-4B41-B647-0E209DB2AC08}.Debug|x64.ActiveCfg = Debug|x64
		{16B53261-8E4D-4B41-B647-0E209DB2AC08}.Debug|x64.Build.0 = Debug|x64
		{16B53261-8E4D-4B41-B647-0E209DB2AC08}.Debug|x86.ActiveCfg = Debug|Win32
		{16B53261-8E4D-4B41-B647-0E209DB2AC08}.Debug|x86.Build.0 = Debug|Win32
		{16B53261-8E4D-4B41-B647-0E209DB2AC08}.Release|x64.ActiveCfg = Release|x64
		{16B53261-8E4D-4B41-B647-0E209DB2AC08}.Release|x64.Build.0 = Release|x64
		{16B53261-8E4D-4B41-B647-0E209DB2AC08}.Release|x86.ActiveCfg = Release|Win32
		{16B53261-8E4D-4B41-B647-0E209DB2AC08}.Release|x86.Build.0 = Release|Win32
		{02ABC695-38D2-4FA3-8799-3710386EF00C}.Debug|x64.ActiveCfg = Debug|x64
		{02ABC695-38D2-4FA3-8799-3710386EF00C}.Debug|x64.Build.0 = Debug|x64
		{02ABC695-38D2-4FA3-8799-3710386EF00C}.Debug|x86.ActiveCfg = Debug|Win32
		{02ABC695-38D2-4FA3-8799-3710386EF00C}.Debug|x86.Build.0 = Debug|Win32
		{02ABC695-38D2-4FA3-8799-3710386EF00C}.Release|x64.ActiveCfg = Release|x64
		{02ABC695-38D2-4FA3-8799-3710386EF00C}.Release|x64.Build.0 = Release|x64
		{02ABC695-38D2-4FA3-8799-3710386EF00C}.Release|x86.ActiveCfg = Release|Win32
		{02ABC695-38D2-4FA3-8799-3710386EF00C}.Release|x86.Build.0 = Release|Win32
		{98919E67-2119-45D2-9F72-61D114C67261}.Debug|x64.ActiveCfg = Debug|x64
		{98919E67-2119-45D2-9F72-61D114C67261}.Debug|x64.Build.0 = Debug|x64
		{98919E67-2119-45D2-9F72-61D114C67261}.Debug|x86.ActiveCfg = Debug|Win32
		{98919E67-2119-45D2-9F72-61D114C67261}.Debug|x86.Build.0 = Debug|Win32
		{98919E67-2119-45D2-9F72-61D114C67261}.Release|x64.ActiveCfg = Release|x64
		{98919E67-2119-45D2-9F72-61D114C67261}.Release|x64.Build.0 = Release|x64
		{98919E67-2119-45D2-9F72-61D114C67261}.Release|x86.ActiveCfg = Release|Win32
		{98919E67-2119-45D2-9F72-61D114C67261}.Release|x86.Build.0 = Release|Win32
		{16392760-1A24-4B23-B6C9-AEEC1C3A3747}.Debug|x64.ActiveCfg = Debug|x64
		{16392760-1A24-4B23-B6C9-AEEC1C3A3747}.Debug|x64.Build.0 = Debug|x64
		{16392760-1A24-4B23-B6C9-AEEC1C3A3747}.Debug|x86.ActiveCfg = Debug|Win32
		{16392760-1A24-4B23-B6C9-AEEC1C3A3747}.Debug|x86.Build.0 = Debug|Win32
		{16392760-1A24-4B23-B6C9-AEEC1C3A3747}.Release|x64.ActiveCfg = Release|x64
		{16392760-1A24-4B23-B6C9-AEEC1C3A3747}.Release|x64.Build.0 = Release|x64
		{16392760-1A24-4B23-B6C9-AEEC1C3A3747}.Release|x86.ActiveCfg = Release|Win32
		{16392760-1A24-4B23-B6C9-AEEC1C3A3747}.Release|x86.Build.0 = Release|Win32
	EndGlobalSection
	GlobalSection(SolutionProperties) = preSolution
		HideSolutionNode = FALSE
	EndGlobalSection
	GlobalSection(ExtensibilityGlobals) = postSolution
		SolutionGuid = {496A7B83-395B-462F-A0BA-182B89766D44}
	EndGlobalSection
EndGlobal
